{
  "requires": true,
  "lockfileVersion": 1,
  "dependencies": {
    "bootstrap-icons": {
      "version": "1.0.0-alpha2",
      "resolved": "https://registry.npm.taobao.org/bootstrap-icons/download/bootstrap-icons-1.0.0-alpha2.tgz",
      "integrity": "sha1-7WXcXyXrQUSNsbRvU8NPzrdFaXY="
    }
  }
}
